
Microsoft Visual Studio Solution File, Format Version 12.00
# Visual Studio Version 17
VisualStudioVersion = 17.0.31903.59
MinimumVisualStudioVersion = 10.0.40219.1
Project("{FAE04EC0-301F-11D3-BF4B-00C04F79EFBC}") = "DhcbTools.Core", "src\DhcbTools.Core\DhcbTools.Core.csproj", "{A1B2C3D4-0001-4A2B-8C3D-1E2F3A4B5C6D}"
EndProject
Project("{FAE04EC0-301F-11D3-BF4B-00C04F79EFBC}") = "DhcbTools.Revit", "src\DhcbTools.Revit\DhcbTools.Revit.csproj", "{A1B2C3D4-0002-4A2B-8C3D-1E2F3A4B5C6D}"
EndProject
Project("{FAE04EC0-301F-11D3-BF4B-00C04F79EFBC}") = "DhcbTools.Core.AutoCAD", "src\DhcbTools.Core.AutoCAD\DhcbTools.Core.AutoCAD.csproj", "{A1B2C3D4-0003-4A2B-8C3D-1E2F3A4B5C6D}"
EndProject
Project("{FAE04EC0-301F-11D3-BF4B-00C04F79EFBC}") = "DhcbTools.AutoCAD", "src\DhcbTools.AutoCAD\DhcbTools.AutoCAD.csproj", "{A1B2C3D4-0004-4A2B-8C3D-1E2F3A4B5C6D}"
EndProject
Project("{FAE04EC0-301F-11D3-BF4B-00C04F79EFBC}") = "DhcbTools.Shared.Logic", "src\DhcbTools.Shared.Logic\DhcbTools.Shared.Logic.csproj", "{A1B2C3D4-0005-4A2B-8C3D-1E2F3A4B5C6D}"
EndProject
Project("{FAE04EC0-301F-11D3-BF4B-00C04F79EFBC}") = "DhcbTools.Shared.Logic.Tests", "tests\DhcbTools.Shared.Logic.Tests\DhcbTools.Shared.Logic.Tests.csproj", "{A1B2C3D4-0006-4A2B-8C3D-1E2F3A4B5C6D}"
EndProject
Project("{FAE04EC0-301F-11D3-BF4B-00C04F79EFBC}") = "DhcbTools.Shared.Hosting", "src\DhcbTools.Shared.Hosting\DhcbTools.Shared.Hosting.csproj", "{A1B2C3D4-0007-4A2B-8C3D-1E2F3A4B5C6D}"
EndProject
Project("{FAE04EC0-301F-11D3-BF4B-00C04F79EFBC}") = "DhcbTools.BatchRunner", "src\DhcbTools.BatchRunner\DhcbTools.BatchRunner.csproj", "{A1B2C3D4-0008-4A2B-8C3D-1E2F3A4B5C6D}"
EndProject
Project("{FAE04EC0-301F-11D3-BF4B-00C04F79EFBC}") = "DhcbTools.AutoCAD.Core", "src\DhcbTools.AutoCAD.Core\DhcbTools.AutoCAD.Core.csproj", "{A1B2C3D4-0009-4A2B-8C3D-1E2F3A4B5C6D}"
EndProject
Global
	GlobalSection(SolutionConfigurationPlatforms) = preSolution
		Debug|x64 = Debug|x64
		Release|x64 = Release|x64
	EndGlobalSection
	GlobalSection(ProjectConfigurationPlatforms) = postSolution
		{A1B2C3D4-0001-4A2B-8C3D-1E2F3A4B5C6D}.Debug|x64.ActiveCfg = Debug|x64
		{A1B2C3D4-0001-4A2B-8C3D-1E2F3A4B5C6D}.Debug|x64.Build.0 = Debug|x64
		{A1B2C3D4-0001-4A2B-8C3D-1E2F3A4B5C6D}.Release|x64.ActiveCfg = Release|x64
		{A1B2C3D4-0001-4A2B-8C3D-1E2F3A4B5C6D}.Release|x64.Build.0 = Release|x64
		{A1B2C3D4-0002-4A2B-8C3D-1E2F3A4B5C6D}.Debug|x64.ActiveCfg = Debug|x64
		{A1B2C3D4-0002-4A2B-8C3D-1E2F3A4B5C6D}.Debug|x64.Build.0 = Debug|x64
		{A1B2C3D4-0002-4A2B-8C3D-1E2F3A4B5C6D}.Release|x64.ActiveCfg = Release|x64
		{A1B2C3D4-0002-4A2B-8C3D-1E2F3A4B5C6D}.Release|x64.Build.0 = Release|x64
		{A1B2C3D4-0003-4A2B-8C3D-1E2F3A4B5C6D}.Debug|x64.ActiveCfg = Debug|x64
		{A1B2C3D4-0003-4A2B-8C3D-1E2F3A4B5C6D}.Debug|x64.Build.0 = Debug|x64
		{A1B2C3D4-0003-4A2B-8C3D-1E2F3A4B5C6D}.Release|x64.ActiveCfg = Release|x64
		{A1B2C3D4-0003-4A2B-8C3D-1E2F3A4B5C6D}.Release|x64.Build.0 = Release|x64
		{A1B2C3D4-0004-4A2B-8C3D-1E2F3A4B5C6D}.Debug|x64.ActiveCfg = Debug|x64
		{A1B2C3D4-0004-4A2B-8C3D-1E2F3A4B5C6D}.Debug|x64.Build.0 = Debug|x64
		{A1B2C3D4-0004-4A2B-8C3D-1E2F3A4B5C6D}.Release|x64.ActiveCfg = Release|x64
		{A1B2C3D4-0004-4A2B-8C3D-1E2F3A4B5C6D}.Release|x64.Build.0 = Release|x64
		{A1B2C3D4-0005-4A2B-8C3D-1E2F3A4B5C6D}.Debug|x64.ActiveCfg = Debug|Any CPU
		{A1B2C3D4-0005-4A2B-8C3D-1E2F3A4B5C6D}.Debug|x64.Build.0 = Debug|Any CPU
		{A1B2C3D4-0005-4A2B-8C3D-1E2F3A4B5C6D}.Release|x64.ActiveCfg = Release|Any CPU
		{A1B2C3D4-0005-4A2B-8C3D-1E2F3A4B5C6D}.Release|x64.Build.0 = Release|Any CPU
		{A1B2C3D4-0006-4A2B-8C3D-1E2F3A4B5C6D}.Debug|x64.ActiveCfg = Debug|Any CPU
		{A1B2C3D4-0006-4A2B-8C3D-1E2F3A4B5C6D}.Debug|x64.Build.0 = Debug|Any CPU
		{A1B2C3D4-0006-4A2B-8C3D-1E2F3A4B5C6D}.Release|x64.ActiveCfg = Release|Any CPU
		{A1B2C3D4-0006-4A2B-8C3D-1E2F3A4B5C6D}.Release|x64.Build.0 = Release|Any CPU
		{A1B2C3D4-0007-4A2B-8C3D-1E2F3A4B5C6D}.Debug|x64.ActiveCfg = Debug|Any CPU
		{A1B2C3D4-0007-4A2B-8C3D-1E2F3A4B5C6D}.Debug|x64.Build.0 = Debug|Any CPU
		{A1B2C3D4-0007-4A2B-8C3D-1E2F3A4B5C6D}.Release|x64.ActiveCfg = Release|Any CPU
		{A1B2C3D4-0007-4A2B-8C3D-1E2F3A4B5C6D}.Release|x64.Build.0 = Release|Any CPU
		{A1B2C3D4-0008-4A2B-8C3D-1E2F3A4B5C6D}.Debug|x64.ActiveCfg = Debug|Any CPU
		{A1B2C3D4-0008-4A2B-8C3D-1E2F3A4B5C6D}.Debug|x64.Build.0 = Debug|Any CPU
		{A1B2C3D4-0008-4A2B-8C3D-1E2F3A4B5C6D}.Release|x64.ActiveCfg = Release|Any CPU
		{A1B2C3D4-0008-4A2B-8C3D-1E2F3A4B5C6D}.Release|x64.Build.0 = Release|Any CPU
		{A1B2C3D4-0009-4A2B-8C3D-1E2F3A4B5C6D}.Debug|x64.ActiveCfg = Debug|x64
		{A1B2C3D4-0009-4A2B-8C3D-1E2F3A4B5C6D}.Debug|x64.Build.0 = Debug|x64
		{A1B2C3D4-0009-4A2B-8C3D-1E2F3A4B5C6D}.Release|x64.ActiveCfg = Release|x64
		{A1B2C3D4-0009-4A2B-8C3D-1E2F3A4B5C6D}.Release|x64.Build.0 = Release|x64
	EndGlobalSection
	GlobalSection(SolutionProperties) = preSolution
		HideSolutionNode = FALSE
	EndGlobalSection
EndGlobal
