
Microsoft Visual Studio Solution File, Format Version 12.00
# Visual Studio Version 17
VisualStudioVersion = 17.0.31903.59
MinimumVisualStudioVersion = 10.0.40219.1
Project("{FAE04EC0-301F-11D3-BF4B-00C04F79EFBC}") = "DhcbTools.Core", "src\DhcbTools.Core\DhcbTools.Core.csproj", "{A1B2C3D4-0001-4A2B-8C3D-1E2F3A4B5C6D}"
EndProject
Project("{FAE04EC0-301F-11D3-BF4B-00C04F79EFBC}") = "DhcbTools.Revit", "src\DhcbTools.Revit\DhcbTools.Revit.csproj", "{A1B2C3D4-0002-4A2B-8C3D-1E2F3A4B5C6D}"
EndProject
Project("{FAE04EC0-301F-11D3-BF4B-00C04F79EFBC}") = "DhcbTools.Core.AutoCAD", "src\DhcbTools.Core.AutoCAD\DhcbTools.Core.AutoCAD.csproj", "{A1B2C3D4-0003-4A2B-8C3D-1E2F3A4B5C6D}"
EndProject
Project("{FAE04EC0-301F-11D3-BF4B-00C04F79EFBC}") = "DhcbTools.AutoCAD", "src\DhcbTools.AutoCAD\DhcbTools.AutoCAD.csproj", "{A1B2C3D4-0004-4A2B-8C3D-1E2F3A4B5C6D}"
EndProject
Project("{2150E333-8FDC-42A3-9474-1A3956D46DE8}") = "src", "src", "{827E0CD3-B72D-47B6-A68D-7590B98EB39B}"
EndProject
Project("{FAE04EC0-301F-11D3-BF4B-00C04F79EFBC}") = "DhcbTools.Shared.Logic", "src\DhcbTools.Shared.Logic\DhcbTools.Shared.Logic.csproj", "{0E1AF237-C197-484C-9F84-14D52BB90DA2}"
EndProject
Project("{FAE04EC0-301F-11D3-BF4B-00C04F79EFBC}") = "DhcbTools.Shared.Hosting", "src\DhcbTools.Shared.Hosting\DhcbTools.Shared.Hosting.csproj", "{77ABE36F-C644-4496-87FA-9CAE57F48052}"
EndProject
Project("{FAE04EC0-301F-11D3-BF4B-00C04F79EFBC}") = "DhcbTools.AutoCAD.Core", "src\DhcbTools.AutoCAD.Core\DhcbTools.AutoCAD.Core.csproj", "{324A814B-9AA2-4EAF-AA80-E2EB52CDA51B}"
EndProject
Project("{FAE04EC0-301F-11D3-BF4B-00C04F79EFBC}") = "DhcbTools.BatchRunner", "src\DhcbTools.BatchRunner\DhcbTools.BatchRunner.csproj", "{0E83EC40-BD32-432B-8350-75C2B6164DC1}"
EndProject
Project("{2150E333-8FDC-42A3-9474-1A3956D46DE8}") = "tests", "tests", "{0AB3BF05-4346-4AA6-1389-037BE0695223}"
EndProject
Project("{FAE04EC0-301F-11D3-BF4B-00C04F79EFBC}") = "DhcbTools.Shared.Logic.Tests", "tests\DhcbTools.Shared.Logic.Tests\DhcbTools.Shared.Logic.Tests.csproj", "{0E05AC54-F4A7-48CB-AC33-20903146268F}"
EndProject
Global
	GlobalSection(SolutionConfigurationPlatforms) = preSolution
		Debug|x64 = Debug|x64
		Debug|Any CPU = Debug|Any CPU
		Debug|x86 = Debug|x86
		Release|x64 = Release|x64
		Release|Any CPU = Release|Any CPU
		Release|x86 = Release|x86
	EndGlobalSection
	GlobalSection(ProjectConfigurationPlatforms) = postSolution
		{A1B2C3D4-0001-4A2B-8C3D-1E2F3A4B5C6D}.Debug|x64.ActiveCfg = Debug|x64
		{A1B2C3D4-0001-4A2B-8C3D-1E2F3A4B5C6D}.Debug|x64.Build.0 = Debug|x64
		{A1B2C3D4-0001-4A2B-8C3D-1E2F3A4B5C6D}.Debug|Any CPU.ActiveCfg = Debug|Any CPU
		{A1B2C3D4-0001-4A2B-8C3D-1E2F3A4B5C6D}.Debug|Any CPU.Build.0 = Debug|Any CPU
		{A1B2C3D4-0001-4A2B-8C3D-1E2F3A4B5C6D}.Debug|x86.ActiveCfg = Debug|Any CPU
		{A1B2C3D4-0001-4A2B-8C3D-1E2F3A4B5C6D}.Debug|x86.Build.0 = Debug|Any CPU
		{A1B2C3D4-0001-4A2B-8C3D-1E2F3A4B5C6D}.Release|x64.ActiveCfg = Release|x64
		{A1B2C3D4-0001-4A2B-8C3D-1E2F3A4B5C6D}.Release|x64.Build.0 = Release|x64
		{A1B2C3D4-0001-4A2B-8C3D-1E2F3A4B5C6D}.Release|Any CPU.ActiveCfg = Release|Any CPU
		{A1B2C3D4-0001-4A2B-8C3D-1E2F3A4B5C6D}.Release|Any CPU.Build.0 = Release|Any CPU
		{A1B2C3D4-0001-4A2B-8C3D-1E2F3A4B5C6D}.Release|x86.ActiveCfg = Release|Any CPU
		{A1B2C3D4-0001-4A2B-8C3D-1E2F3A4B5C6D}.Release|x86.Build.0 = Release|Any CPU
		{A1B2C3D4-0002-4A2B-8C3D-1E2F3A4B5C6D}.Debug|x64.ActiveCfg = Debug|x64
		{A1B2C3D4-0002-4A2B-8C3D-1E2F3A4B5C6D}.Debug|x64.Build.0 = Debug|x64
		{A1B2C3D4-0002-4A2B-8C3D-1E2F3A4B5C6D}.Debug|Any CPU.ActiveCfg = Debug|Any CPU
		{A1B2C3D4-0002-4A2B-8C3D-1E2F3A4B5C6D}.Debug|Any CPU.Build.0 = Debug|Any CPU
		{A1B2C3D4-0002-4A2B-8C3D-1E2F3A4B5C6D}.Debug|x86.ActiveCfg = Debug|Any CPU
		{A1B2C3D4-0002-4A2B-8C3D-1E2F3A4B5C6D}.Debug|x86.Build.0 = Debug|Any CPU
		{A1B2C3D4-0002-4A2B-8C3D-1E2F3A4B5C6D}.Release|x64.ActiveCfg = Release|x64
		{A1B2C3D4-0002-4A2B-8C3D-1E2F3A4B5C6D}.Release|x64.Build.0 = Release|x64
		{A1B2C3D4-0002-4A2B-8C3D-1E2F3A4B5C6D}.Release|Any CPU.ActiveCfg = Release|Any CPU
		{A1B2C3D4-0002-4A2B-8C3D-1E2F3A4B5C6D}.Release|Any CPU.Build.0 = Release|Any CPU
		{A1B2C3D4-0002-4A2B-8C3D-1E2F3A4B5C6D}.Release|x86.ActiveCfg = Release|Any CPU
		{A1B2C3D4-0002-4A2B-8C3D-1E2F3A4B5C6D}.Release|x86.Build.0 = Release|Any CPU
		{A1B2C3D4-0003-4A2B-8C3D-1E2F3A4B5C6D}.Debug|x64.ActiveCfg = Debug|x64
		{A1B2C3D4-0003-4A2B-8C3D-1E2F3A4B5C6D}.Debug|x64.Build.0 = Debug|x64
		{A1B2C3D4-0003-4A2B-8C3D-1E2F3A4B5C6D}.Debug|Any CPU.ActiveCfg = Debug|Any CPU
		{A1B2C3D4-0003-4A2B-8C3D-1E2F3A4B5C6D}.Debug|Any CPU.Build.0 = Debug|Any CPU
		{A1B2C3D4-0003-4A2B-8C3D-1E2F3A4B5C6D}.Debug|x86.ActiveCfg = Debug|Any CPU
		{A1B2C3D4-0003-4A2B-8C3D-1E2F3A4B5C6D}.Debug|x86.Build.0 = Debug|Any CPU
		{A1B2C3D4-0003-4A2B-8C3D-1E2F3A4B5C6D}.Release|x64.ActiveCfg = Release|x64
		{A1B2C3D4-0003-4A2B-8C3D-1E2F3A4B5C6D}.Release|x64.Build.0 = Release|x64
		{A1B2C3D4-0003-4A2B-8C3D-1E2F3A4B5C6D}.Release|Any CPU.ActiveCfg = Release|Any CPU
		{A1B2C3D4-0003-4A2B-8C3D-1E2F3A4B5C6D}.Release|Any CPU.Build.0 = Release|Any CPU
		{A1B2C3D4-0003-4A2B-8C3D-1E2F3A4B5C6D}.Release|x86.ActiveCfg = Release|Any CPU
		{A1B2C3D4-0003-4A2B-8C3D-1E2F3A4B5C6D}.Release|x86.Build.0 = Release|Any CPU
		{A1B2C3D4-0004-4A2B-8C3D-1E2F3A4B5C6D}.Debug|x64.ActiveCfg = Debug|x64
		{A1B2C3D4-0004-4A2B-8C3D-1E2F3A4B5C6D}.Debug|x64.Build.0 = Debug|x64
		{A1B2C3D4-0004-4A2B-8C3D-1E2F3A4B5C6D}.Debug|Any CPU.ActiveCfg = Debug|Any CPU
		{A1B2C3D4-0004-4A2B-8C3D-1E2F3A4B5C6D}.Debug|Any CPU.Build.0 = Debug|Any CPU
		{A1B2C3D4-0004-4A2B-8C3D-1E2F3A4B5C6D}.Debug|x86.ActiveCfg = Debug|Any CPU
		{A1B2C3D4-0004-4A2B-8C3D-1E2F3A4B5C6D}.Debug|x86.Build.0 = Debug|Any CPU
		{A1B2C3D4-0004-4A2B-8C3D-1E2F3A4B5C6D}.Release|x64.ActiveCfg = Release|x64
		{A1B2C3D4-0004-4A2B-8C3D-1E2F3A4B5C6D}.Release|x64.Build.0 = Release|x64
		{A1B2C3D4-0004-4A2B-8C3D-1E2F3A4B5C6D}.Release|Any CPU.ActiveCfg = Release|Any CPU
		{A1B2C3D4-0004-4A2B-8C3D-1E2F3A4B5C6D}.Release|Any CPU.Build.0 = Release|Any CPU
		{A1B2C3D4-0004-4A2B-8C3D-1E2F3A4B5C6D}.Release|x86.ActiveCfg = Release|Any CPU
		{A1B2C3D4-0004-4A2B-8C3D-1E2F3A4B5C6D}.Release|x86.Build.0 = Release|Any CPU
		{0E1AF237-C197-484C-9F84-14D52BB90DA2}.Debug|x64.ActiveCfg = Debug|x64
		{0E1AF237-C197-484C-9F84-14D52BB90DA2}.Debug|x64.Build.0 = Debug|x64
		{0E1AF237-C197-484C-9F84-14D52BB90DA2}.Debug|Any CPU.ActiveCfg = Debug|Any CPU
		{0E1AF237-C197-484C-9F84-14D52BB90DA2}.Debug|Any CPU.Build.0 = Debug|Any CPU
		{0E1AF237-C197-484C-9F84-14D52BB90DA2}.Debug|x86.ActiveCfg = Debug|Any CPU
		{0E1AF237-C197-484C-9F84-14D52BB90DA2}.Debug|x86.Build.0 = Debug|Any CPU
		{0E1AF237-C197-484C-9F84-14D52BB90DA2}.Release|x64.ActiveCfg = Release|x64
		{0E1AF237-C197-484C-9F84-14D52BB90DA2}.Release|x64.Build.0 = Release|x64
		{0E1AF237-C197-484C-9F84-14D52BB90DA2}.Release|Any CPU.ActiveCfg = Release|Any CPU
		{0E1AF237-C197-484C-9F84-14D52BB90DA2}.Release|Any CPU.Build.0 = Release|Any CPU
		{0E1AF237-C197-484C-9F84-14D52BB90DA2}.Release|x86.ActiveCfg = Release|Any CPU
		{0E1AF237-C197-484C-9F84-14D52BB90DA2}.Release|x86.Build.0 = Release|Any CPU
		{77ABE36F-C644-4496-87FA-9CAE57F48052}.Debug|x64.ActiveCfg = Debug|x64
		{77ABE36F-C644-4496-87FA-9CAE57F48052}.Debug|x64.Build.0 = Debug|x64
		{77ABE36F-C644-4496-87FA-9CAE57F48052}.Debug|Any CPU.ActiveCfg = Debug|Any CPU
		{77ABE36F-C644-4496-87FA-9CAE57F48052}.Debug|Any CPU.Build.0 = Debug|Any CPU
		{77ABE36F-C644-4496-87FA-9CAE57F48052}.Debug|x86.ActiveCfg = Debug|Any CPU
		{77ABE36F-C644-4496-87FA-9CAE57F48052}.Debug|x86.Build.0 = Debug|Any CPU
		{77ABE36F-C644-4496-87FA-9CAE57F48052}.Release|x64.ActiveCfg = Release|x64
		{77ABE36F-C644-4496-87FA-9CAE57F48052}.Release|x64.Build.0 = Release|x64
		{77ABE36F-C644-4496-87FA-9CAE57F48052}.Release|Any CPU.ActiveCfg = Release|Any CPU
		{77ABE36F-C644-4496-87FA-9CAE57F48052}.Release|Any CPU.Build.0 = Release|Any CPU
		{77ABE36F-C644-4496-87FA-9CAE57F48052}.Release|x86.ActiveCfg = Release|Any CPU
		{77ABE36F-C644-4496-87FA-9CAE57F48052}.Release|x86.Build.0 = Release|Any CPU
		{324A814B-9AA2-4EAF-AA80-E2EB52CDA51B}.Debug|x64.ActiveCfg = Debug|x64
		{324A814B-9AA2-4EAF-AA80-E2EB52CDA51B}.Debug|x64.Build.0 = Debug|x64
		{324A814B-9AA2-4EAF-AA80-E2EB52CDA51B}.Debug|Any CPU.ActiveCfg = Debug|x64
		{324A814B-9AA2-4EAF-AA80-E2EB52CDA51B}.Debug|Any CPU.Build.0 = Debug|x64
		{324A814B-9AA2-4EAF-AA80-E2EB52CDA51B}.Debug|x86.ActiveCfg = Debug|x64
		{324A814B-9AA2-4EAF-AA80-E2EB52CDA51B}.Debug|x86.Build.0 = Debug|x64
		{324A814B-9AA2-4EAF-AA80-E2EB52CDA51B}.Release|x64.ActiveCfg = Release|x64
		{324A814B-9AA2-4EAF-AA80-E2EB52CDA51B}.Release|x64.Build.0 = Release|x64
		{324A814B-9AA2-4EAF-AA80-E2EB52CDA51B}.Release|Any CPU.ActiveCfg = Release|x64
		{324A814B-9AA2-4EAF-AA80-E2EB52CDA51B}.Release|Any CPU.Build.0 = Release|x64
		{324A814B-9AA2-4EAF-AA80-E2EB52CDA51B}.Release|x86.ActiveCfg = Release|x64
		{324A814B-9AA2-4EAF-AA80-E2EB52CDA51B}.Release|x86.Build.0 = Release|x64
		{0E83EC40-BD32-432B-8350-75C2B6164DC1}.Debug|x64.ActiveCfg = Debug|x64
		{0E83EC40-BD32-432B-8350-75C2B6164DC1}.Debug|x64.Build.0 = Debug|x64
		{0E83EC40-BD32-432B-8350-75C2B6164DC1}.Debug|Any CPU.ActiveCfg = Debug|Any CPU
		{0E83EC40-BD32-432B-8350-75C2B6164DC1}.Debug|Any CPU.Build.0 = Debug|Any CPU
		{0E83EC40-BD32-432B-8350-75C2B6164DC1}.Debug|x86.ActiveCfg = Debug|Any CPU
		{0E83EC40-BD32-432B-8350-75C2B6164DC1}.Debug|x86.Build.0 = Debug|Any CPU
		{0E83EC40-BD32-432B-8350-75C2B6164DC1}.Release|x64.ActiveCfg = Release|x64
		{0E83EC40-BD32-432B-8350-75C2B6164DC1}.Release|x64.Build.0 = Release|x64
		{0E83EC40-BD32-432B-8350-75C2B6164DC1}.Release|Any CPU.ActiveCfg = Release|Any CPU
		{0E83EC40-BD32-432B-8350-75C2B6164DC1}.Release|Any CPU.Build.0 = Release|Any CPU
		{0E83EC40-BD32-432B-8350-75C2B6164DC1}.Release|x86.ActiveCfg = Release|Any CPU
		{0E83EC40-BD32-432B-8350-75C2B6164DC1}.Release|x86.Build.0 = Release|Any CPU
		{0E05AC54-F4A7-48CB-AC33-20903146268F}.Debug|x64.ActiveCfg = Debug|x64
		{0E05AC54-F4A7-48CB-AC33-20903146268F}.Debug|x64.Build.0 = Debug|x64
		{0E05AC54-F4A7-48CB-AC33-20903146268F}.Debug|Any CPU.ActiveCfg = Debug|Any CPU
		{0E05AC54-F4A7-48CB-AC33-20903146268F}.Debug|Any CPU.Build.0 = Debug|Any CPU
		{0E05AC54-F4A7-48CB-AC33-20903146268F}.Debug|x86.ActiveCfg = Debug|Any CPU
		{0E05AC54-F4A7-48CB-AC33-20903146268F}.Debug|x86.Build.0 = Debug|Any CPU
		{0E05AC54-F4A7-48CB-AC33-20903146268F}.Release|x64.ActiveCfg = Release|x64
		{0E05AC54-F4A7-48CB-AC33-20903146268F}.Release|x64.Build.0 = Release|x64
		{0E05AC54-F4A7-48CB-AC33-20903146268F}.Release|Any CPU.ActiveCfg = Release|Any CPU
		{0E05AC54-F4A7-48CB-AC33-20903146268F}.Release|Any CPU.Build.0 = Release|Any CPU
		{0E05AC54-F4A7-48CB-AC33-20903146268F}.Release|x86.ActiveCfg = Release|Any CPU
		{0E05AC54-F4A7-48CB-AC33-20903146268F}.Release|x86.Build.0 = Release|Any CPU
	EndGlobalSection
	GlobalSection(SolutionProperties) = preSolution
		HideSolutionNode = FALSE
	EndGlobalSection
	GlobalSection(NestedProjects) = preSolution
		{0E1AF237-C197-484C-9F84-14D52BB90DA2} = {827E0CD3-B72D-47B6-A68D-7590B98EB39B}
		{77ABE36F-C644-4496-87FA-9CAE57F48052} = {827E0CD3-B72D-47B6-A68D-7590B98EB39B}
		{324A814B-9AA2-4EAF-AA80-E2EB52CDA51B} = {827E0CD3-B72D-47B6-A68D-7590B98EB39B}
		{0E83EC40-BD32-432B-8350-75C2B6164DC1} = {827E0CD3-B72D-47B6-A68D-7590B98EB39B}
		{0E05AC54-F4A7-48CB-AC33-20903146268F} = {0AB3BF05-4346-4AA6-1389-037BE0695223}
	EndGlobalSection
EndGlobal
